dependencies:
  espressif__led_strip:
    component_hash: null
    source:
      path: C:\Users\XiaoYu\Desktop\ESP32_Pico_D4\ESP32-S3-LCD-1.47-Test\components\espressif__led_strip
      type: local
    version: 2.5.5
  idf:
    component_hash: null
    source:
      type: idf
    version: 5.2.1
  lvgl__lvgl:
    component_hash: null
    source:
      path: C:\Users\XiaoYu\Desktop\ESP32_Pico_D4\ESP32-S3-LCD-1.47-Test\components\lvgl__lvgl
      type: local
    version: 8.3.11
manifest_hash: b1bb348f3a52934e38f0cb0ddab5b5fd8cd5ef4da808ed9894115d9481e555ce
target: esp32s3
version: 1.0.0
